// !$*UTF8*$!
{
	archiveVersion = 1;
	classes = {
	};
	objectVersion = 50;
	objects = {

/* Begin PBXBuildFile section */
		21525D9825B087F500BFA99E /* AppDelegate.swift in Sources */ = {isa = PBXBuildFile; fileRef = 21525D9725B087F500BFA99E /* AppDelegate.swift */; };
		21525D9A25B087F500BFA99E /* SceneDelegate.swift in Sources */ = {isa = PBXBuildFile; fileRef = 21525D9925B087F500BFA99E /* SceneDelegate.swift */; };
		21525D9C25B087F500BFA99E /* ContentView.swift in Sources */ = {isa = PBXBuildFile; fileRef = 21525D9B25B087F500BFA99E /* ContentView.swift */; };
		21525D9E25B087F700BFA99E /* Assets.xcassets in Resources */ = {isa = PBXBuildFile; fileRef = 21525D9D25B087F700BFA99E /* Assets.xcassets */; };
		21525DA125B087F700BFA99E /* Preview Assets.xcassets in Resources */ = {isa = PBXBuildFile; fileRef = 21525DA025B087F700BFA99E /* Preview Assets.xcassets */; };
		21525DA425B087F700BFA99E /* LaunchScreen.storyboard in Resources */ = {isa = PBXBuildFile; fileRef = 21525DA225B087F700BFA99E /* LaunchScreen.storyboard */; };
		21525DAD25B0883E00BFA99E /* ESanimation.swift in Sources */ = {isa = PBXBuildFile; fileRef = 21525DAC25B0883E00BFA99E /* ESanimation.swift */; };
/* End PBXBuildFile section */

/* Begin PBXFileReference section */
		21525D9425B087F500BFA99E /* ESKit.app */ = {isa = PBXFileReference; explicitFileType = wrapper.application; includeInIndex = 0; path = ESKit.app; sourceTree = BUILT_PRODUCTS_DIR; };
		21525D9725B087F500BFA99E /* AppDelegate.swift */ = {isa = PBXFileReference; lastKnownFileType = sourcecode.swift; path = AppDelegate.swift; sourceTree = "<group>"; };
		21525D9925B087F500BFA99E /* SceneDelegate.swift */ = {isa = PBXFileReference; lastKnownFileType = sourcecode.swift; path = SceneDelegate.swift; sourceTree = "<group>"; };
		21525D9B25B087F500BFA99E /* ContentView.swift */ = {isa = PBXFileReference; lastKnownFileType = sourcecode.swift; path = ContentView.swift; sourceTree = "<group>"; };
		21525D9D25B087F700BFA99E /* Assets.xcassets */ = {isa = PBXFileReference; lastKnownFileType = folder.assetcatalog; path = Assets.xcassets; sourceTree = "<group>"; };
		21525DA025B087F700BFA99E /* Preview Assets.xcassets */ = {isa = PBXFileReference; lastKnownFileType = folder.assetcatalog; path = "Preview Assets.xcassets"; sourceTree = "<group>"; };
		21525DA325B087F700BFA99E /* Base */ = {isa = PBXFileReference; lastKnownFileType = file.storyboard; name = Base; path = Base.lproj/LaunchScreen.storyboard; sourceTree = "<group>"; };
		21525DA525B087F700BFA99E /* Info.plist */ = {isa = PBXFileReference; lastKnownFileType = text.plist.xml; path = Info.plist; sourceTree = "<group>"; };
		21525DAC25B0883E00BFA99E /* ESanimation.swift */ = {isa = PBXFileReference; lastKnownFileType = sourcecode.swift; path = ESanimation.swift; sourceTree = "<group>"; };
/* End PBXFileReference section */

/* Begin PBXFrameworksBuildPhase section */
		21525D9125B087F500BFA99E /* Frameworks */ = {
			isa = PBXFrameworksBuildPhase;
			buildActionMask = 2147483647;
			files = (
			);
			runOnlyForDeploymentPostprocessing = 0;
		};
/* End PBXFrameworksBuildPhase section */

/* Begin PBXGroup section */
		21525D8B25B087F500BFA99E = {
			isa = PBXGroup;
			children = (
				21525D9625B087F500BFA99E /* ESKit */,
				21525D9525B087F500BFA99E /* Products */,
			);
			sourceTree = "<group>";
		};
		21525D9525B087F500BFA99E /* Products */ = {
			isa = PBXGroup;
			children = (
				21525D9425B087F500BFA99E /* ESKit.app */,
			);
			name = Products;
			sourceTree = "<group>";
		};
		21525D9625B087F500BFA99E /* ESKit */ = {
			isa = PBXGroup;
			children = (
				21525D9725B087F500BFA99E /* AppDelegate.swift */,
				21525D9925B087F500BFA99E /* SceneDelegate.swift */,
				21525D9B25B087F500BFA99E /* ContentView.swift */,
				21525DAC25B0883E00BFA99E /* ESanimation.swift */,
				21525D9D25B087F700BFA99E /* Assets.xcassets */,
				21525DA225B087F700BFA99E /* LaunchScreen.storyboard */,
				21525DA525B087F700BFA99E /* Info.plist */,
				21525D9F25B087F700BFA99E /* Preview Content */,
			);
			path = ESKit;
			sourceTree = "<group>";
		};
		21525D9F25B087F700BFA99E /* Preview Content */ = {
			isa = PBXGroup;
			children = (
				21525DA025B087F700BFA99E /* Preview Assets.xcassets */,
			);
			path = "Preview Content";
			sourceTree = "<group>";
		};
/* End PBXGroup section */

/* Begin PBXNativeTarget section */
		21525D9325B087F500BFA99E /* ESKit */ = {
			isa = PBXNativeTarget;
			buildConfigurationList = 21525DA825B087F700BFA99E /* Build configuration list for PBXNativeTarget "ESKit" */;
			buildPhases = (
				21525D9025B087F500BFA99E /* Sources */,
				21525D9125B087F500BFA99E /* Frameworks */,
				21525D9225B087F500BFA99E /* Resources */,
			);
			buildRules = (
			);
			dependencies = (
			);
			name = ESKit;
			productName = ESKit;
			productReference = 21525D9425B087F500BFA99E /* ESKit.app */;
			productType = "com.apple.product-type.application";
		};
/* End PBXNativeTarget section */

/* Begin PBXProject section */
		21525D8C25B087F500BFA99E /* Project object */ = {
			isa = PBXProject;
			attributes = {
				LastSwiftUpdateCheck = 1220;
				LastUpgradeCheck = 1220;
				TargetAttributes = {
					21525D9325B087F500BFA99E = {
						CreatedOnToolsVersion = 12.2;
					};
				};
			};
			buildConfigurationList = 21525D8F25B087F500BFA99E /* Build configuration list for PBXProject "ESKit" */;
			compatibilityVersion = "Xcode 9.3";
			developmentRegion = en;
			hasScannedForEncodings = 0;
			knownRegions = (
				en,
				Base,
			);
			mainGroup = 21525D8B25B087F500BFA99E;
			productRefGroup = 21525D9525B087F500BFA99E /* Products */;
			projectDirPath = "";
			projectRoot = "";
			targets = (
				21525D9325B087F500BFA99E /* ESKit */,
			);
		};
/* End PBXProject section */

/* Begin PBXResourcesBuildPhase section */
		21525D9225B087F500BFA99E /* Resources */ = {
			isa = PBXResourcesBuildPhase;
			buildActionMask = 2147483647;
			files = (
				21525DA425B087F700BFA99E /* LaunchScreen.storyboard in Resources */,
				21525DA125B087F700BFA99E /* Preview Assets.xcassets in Resources */,
				21525D9E25B087F700BFA99E /* Assets.xcassets in Resources */,
			);
			runOnlyForDeploymentPostprocessing = 0;
		};
/* End PBXResourcesBuildPhase section */

/* Begin PBXSourcesBuildPhase section */
		21525D9025B087F500BFA99E /* Sources */ = {
			isa = PBXSourcesBuildPhase;
			buildActionMask = 2147483647;
			files = (
				21525DAD25B0883E00BFA99E /* ESanimation.swift in Sources */,
				21525D9825B087F500BFA99E /* AppDelegate.swift in Sources */,
				21525D9A25B087F500BFA99E /* SceneDelegate.swift in Sources */,
				21525D9C25B087F500BFA99E /* ContentView.swift in Sources */,
			);
			runOnlyForDeploymentPostprocessing = 0;
		};
/* End PBXSourcesBuildPhase section */

/* Begin PBXVariantGroup section */
		21525DA225B087F700BFA99E /* LaunchScreen.storyboard */ = {
			isa = PBXVariantGroup;
			children = (
				21525DA325B087F700BFA99E /* Base */,
			);
			name = LaunchScreen.storyboard;
			sourceTree = "<group>";
		};
/* End PBXVariantGroup section */

/* Begin XCBuildConfiguration section */
		21525DA625B087F700BFA99E /* Debug */ = {
			isa = XCBuildConfiguration;
			buildSettings = {
				ALWAYS_SEARCH_USER_PATHS = NO;
				CLANG_ANALYZER_NONNULL = YES;
				CLANG_ANALYZER_NUMBER_OBJECT_CONVERSION = YES_AGGRESSIVE;
				CLANG_CXX_LANGUAGE_STANDARD = "gnu++14";
				CLANG_CXX_LIBRARY = "libc++";
				CLANG_ENABLE_MODULES = YES;
				CLANG_ENABLE_OBJC_ARC = YES;
				CLANG_ENABLE_OBJC_WEAK = YES;
				CLANG_WARN_BLOCK_CAPTURE_AUTORELEASING = YES;
				CLANG_WARN_BOOL_CONVERSION = YES;
				CLANG_WARN_COMMA = YES;
				CLANG_WARN_CONSTANT_CONVERSION = YES;
				CLANG_WARN_DEPRECATED_OBJC_IMPLEMENTATIONS = YES;
				CLANG_WARN_DIRECT_OBJC_ISA_USAGE = YES_ERROR;
				CLANG_WARN_DOCUMENTATION_COMMENTS = YES;
				CLANG_WARN_EMPTY_BODY = YES;
				CLANG_WARN_ENUM_CONVERSION = YES;
				CLANG_WARN_INFINITE_RECURSION = YES;
				CLANG_WARN_INT_CONVERSION = YES;
				CLANG_WARN_NON_LITERAL_NULL_CONVERSION = YES;
				CLANG_WARN_OBJC_IMPLICIT_RETAIN_SELF = YES;
				CLANG_WARN_OBJC_LITERAL_CONVERSION = YES;
				CLANG_WARN_OBJC_ROOT_CLASS = YES_ERROR;
				CLANG_WARN_QUOTED_INCLUDE_IN_FRAMEWORK_HEADER = YES;
				CLANG_WARN_RANGE_LOOP_ANALYSIS = YES;
				CLANG_WARN_STRICT_PROTOTYPES = YES;
				CLANG_WARN_SUSPICIOUS_MOVE = YES;
				CLANG_WARN_UNGUARDED_AVAILABILITY = YES_AGGRESSIVE;
				CLANG_WARN_UNREACHABLE_CODE = YES;
				CLANG_WARN__DUPLICATE_METHOD_MATCH = YES;
				COPY_PHASE_STRIP = NO;
				DEBUG_INFORMATION_FORMAT = dwarf;
				ENABLE_STRICT_OBJC_MSGSEND = YES;
				ENABLE_TESTABILITY = YES;
				GCC_C_LANGUAGE_STANDARD = gnu11;
				GCC_DYNAMIC_NO_PIC = NO;
				GCC_NO_COMMON_BLOCKS = YES;
				GCC_OPTIMIZATION_LEVEL = 0;
				GCC_PREPROCESSOR_DEFINITIONS = (
					"DEBUG=1",
					"$(inherited)",
				);
				GCC_WARN_64_TO_32_BIT_CONVERSION = YES;
				GCC_WARN_ABOUT_RETURN_TYPE = YES_ERROR;
				GCC_WARN_UNDECLARED_SELECTOR = YES;
				GCC_WARN_UNINITIALIZED_AUTOS = YES_AGGRESSIVE;
				GCC_WARN_UNUSED_FUNCTION = YES;
				GCC_WARN_UNUSED_VARIABLE = YES;
				IPHONEOS_DEPLOYMENT_TARGET = 14.2;
				MTL_ENABLE_DEBUG_INFO = INCLUDE_SOURCE;
				MTL_FAST_MATH = YES;
				ONLY_ACTIVE_ARCH = YES;
				SDKROOT = iphoneos;
				SWIFT_ACTIVE_COMPILATION_CONDITIONS = DEBUG;
				SWIFT_OPTIMIZATION_LEVEL = "-Onone";
			};
			name = Debug;
		};
		21525DA725B087F700BFA99E /* Release */ = {
			isa = XCBuildConfiguration;
			buildSettings = {
				ALWAYS_SEARCH_USER_PATHS = NO;
				CLANG_ANALYZER_NONNULL = YES;
				CLANG_ANALYZER_NUMBER_OBJECT_CONVERSION = YES_AGGRESSIVE;
				CLANG_CXX_LANGUAGE_STANDARD = "gnu++14";
				CLANG_CXX_LIBRARY = "libc++";
				CLANG_ENABLE_MODULES = YES;
				CLANG_ENABLE_OBJC_ARC = YES;
				CLANG_ENABLE_OBJC_WEAK = YES;
				CLANG_WARN_BLOCK_CAPTURE_AUTORELEASING = YES;
				CLANG_WARN_BOOL_CONVERSION = YES;
				CLANG_WARN_COMMA = YES;
				CLANG_WARN_CONSTANT_CONVERSION = YES;
				CLANG_WARN_DEPRECATED_OBJC_IMPLEMENTATIONS = YES;
				CLANG_WARN_DIRECT_OBJC_ISA_USAGE = YES_ERROR;
				CLANG_WARN_DOCUMENTATION_COMMENTS = YES;
				CLANG_WARN_EMPTY_BODY = YES;
				CLANG_WARN_ENUM_CONVERSION = YES;
				CLANG_WARN_INFINITE_RECURSION = YES;
				CLANG_WARN_INT_CONVERSION = YES;
				CLANG_WARN_NON_LITERAL_NULL_CONVERSION = YES;
				CLANG_WARN_OBJC_IMPLICIT_RETAIN_SELF = YES;
				CLANG_WARN_OBJC_LITERAL_CONVERSION = YES;
				CLANG_WARN_OBJC_ROOT_CLASS = YES_ERROR;
				CLANG_WARN_QUOTED_INCLUDE_IN_FRAMEWORK_HEADER = YES;
				CLANG_WARN_RANGE_LOOP_ANALYSIS = YES;
				CLANG_WARN_STRICT_PROTOTYPES = YES;
				CLANG_WARN_SUSPICIOUS_MOVE = YES;
				CLANG_WARN_UNGUARDED_AVAILABILITY = YES_AGGRESSIVE;
				CLANG_WARN_UNREACHABLE_CODE = YES;
				CLANG_WARN__DUPLICATE_METHOD_MATCH = YES;
				COPY_PHASE_STRIP = NO;
				DEBUG_INFORMATION_FORMAT = "dwarf-with-dsym";
				ENABLE_NS_ASSERTIONS = NO;
				ENABLE_STRICT_OBJC_MSGSEND = YES;
				GCC_C_LANGUAGE_STANDARD = gnu11;
				GCC_NO_COMMON_BLOCKS = YES;
				GCC_WARN_64_TO_32_BIT_CONVERSION = YES;
				GCC_WARN_ABOUT_RETURN_TYPE = YES_ERROR;
				GCC_WARN_UNDECLARED_SELECTOR = YES;
				GCC_WARN_UNINITIALIZED_AUTOS = YES_AGGRESSIVE;
				GCC_WARN_UNUSED_FUNCTION = YES;
				GCC_WARN_UNUSED_VARIABLE = YES;
				IPHONEOS_DEPLOYMENT_TARGET = 14.2;
				MTL_ENABLE_DEBUG_INFO = NO;
				MTL_FAST_MATH = YES;
				SDKROOT = iphoneos;
				SWIFT_COMPILATION_MODE = wholemodule;
				SWIFT_OPTIMIZATION_LEVEL = "-O";
				VALIDATE_PRODUCT = YES;
			};
			name = Release;
		};
		21525DA925B087F700BFA99E /* Debug */ = {
			isa = XCBuildConfiguration;
			buildSettings = {
				ASSETCATALOG_COMPILER_APPICON_NAME = AppIcon;
				ASSETCATALOG_COMPILER_GLOBAL_ACCENT_COLOR_NAME = AccentColor;
				CODE_SIGN_STYLE = Automatic;
				DEVELOPMENT_ASSET_PATHS = "\"ESKit/Preview Content\"";
				DEVELOPMENT_TEAM = VT69ZW2DRC;
				ENABLE_PREVIEWS = YES;
				INFOPLIST_FILE = ESKit/Info.plist;
				LD_RUNPATH_SEARCH_PATHS = (
					"$(inherited)",
					"@executable_path/Frameworks",
				);
				PRODUCT_BUNDLE_IDENTIFIER = com.eraser.ESKit;
				PRODUCT_NAME = "$(TARGET_NAME)";
				SWIFT_VERSION = 5.0;
				TARGETED_DEVICE_FAMILY = "1,2";
			};
			name = Debug;
		};
		21525DAA25B087F700BFA99E /* Release */ = {
			isa = XCBuildConfiguration;
			buildSettings = {
				ASSETCATALOG_COMPILER_APPICON_NAME = AppIcon;
				ASSETCATALOG_COMPILER_GLOBAL_ACCENT_COLOR_NAME = AccentColor;
				CODE_SIGN_STYLE = Automatic;
				DEVELOPMENT_ASSET_PATHS = "\"ESKit/Preview Content\"";
				DEVELOPMENT_TEAM = VT69ZW2DRC;
				ENABLE_PREVIEWS = YES;
				INFOPLIST_FILE = ESKit/Info.plist;
				LD_RUNPATH_SEARCH_PATHS = (
					"$(inherited)",
					"@executable_path/Frameworks",
				);
				PRODUCT_BUNDLE_IDENTIFIER = com.eraser.ESKit;
				PRODUCT_NAME = "$(TARGET_NAME)";
				SWIFT_VERSION = 5.0;
				TARGETED_DEVICE_FAMILY = "1,2";
			};
			name = Release;
		};
/* End XCBuildConfiguration section */

/* Begin XCConfigurationList section */
		21525D8F25B087F500BFA99E /* Build configuration list for PBXProject "ESKit" */ = {
			isa = XCConfigurationList;
			buildConfigurations = (
				21525DA625B087F700BFA99E /* Debug */,
				21525DA725B087F700BFA99E /* Release */,
			);
			defaultConfigurationIsVisible = 0;
			defaultConfigurationName = Release;
		};
		21525DA825B087F700BFA99E /* Build configuration list for PBXNativeTarget "ESKit" */ = {
			isa = XCConfigurationList;
			buildConfigurations = (
				21525DA925B087F700BFA99E /* Debug */,
				21525DAA25B087F700BFA99E /* Release */,
			);
			defaultConfigurationIsVisible = 0;
			defaultConfigurationName = Release;
		};
/* End XCConfigurationList section */
	};
	rootObject = 21525D8C25B087F500BFA99E /* Project object */;
}
